<?xml version="1.0" encoding="utf-8"?>
<Project ToolsVersion="4.0" xmlns="http://schemas.microsoft.com/developer/msbuild/2003">
  <ItemGroup>
    <Filter Include="Source Files">
      <UniqueIdentifier>{4FC737F1-C7A5-4376-A066-2A32D752A2FF}</UniqueIdentifier>
      <Extensions>cpp;c;cc;cxx;c++;cppm;ixx;def;odl;idl;hpj;bat;asm;asmx</Extensions>
    </Filter>
    <Filter Include="Header Files">
      <UniqueIdentifier>{93995380-89BD-4b04-88EB-625FBE52EBFB}</UniqueIdentifier>
      <Extensions>h;hh;hpp;hxx;h++;hm;inl;inc;ipp;xsd</Extensions>
    </Filter>
    <Filter Include="Resource Files">
      <UniqueIdentifier>{67DA6AB6-F800-4c08-8B7A-83BB121AAD01}</UniqueIdentifier>
      <Extensions>rc;ico;cur;bmp;dlg;rc2;rct;bin;rgs;gif;jpg;jpeg;jpe;resx;tiff;tif;png;wav;mfcribbon-ms</Extensions>
    </Filter>
    <Filter Include="Classes">
      <UniqueIdentifier>{b15a0f45-5247-4354-9018-4576604f08cf}</UniqueIdentifier>
    </Filter>
    <Filter Include="Classes\Author">
      <UniqueIdentifier>{c5b31633-3218-45fb-87d2-eee5f2444e7b}</UniqueIdentifier>
    </Filter>
    <Filter Include="Classes\Book">
      <UniqueIdentifier>{380ca33b-987e-4416-98a4-07630ac9497b}</UniqueIdentifier>
    </Filter>
    <Filter Include="Classes\Book\Image">
      <UniqueIdentifier>{8e1610e3-2ec7-4ed9-8540-b0e3a6685936}</UniqueIdentifier>
    </Filter>
    <Filter Include="Classes\Book\ImageProxy">
      <UniqueIdentifier>{1da13c63-ad07-4a96-94d0-cd964f3d4f6d}</UniqueIdentifier>
    </Filter>
    <Filter Include="Classes\Book\Paragraph">
      <UniqueIdentifier>{bf4b0eb2-3882-4b42-ad19-5f3f45bb5272}</UniqueIdentifier>
    </Filter>
    <Filter Include="Classes\Interfaces">
      <UniqueIdentifier>{2f187df0-fc18-4ed7-b776-69a97fb81eed}</UniqueIdentifier>
    </Filter>
    <Filter Include="Classes\Interfaces\Element">
      <UniqueIdentifier>{0692650a-00ff-4484-84a5-78c5e51b3efe}</UniqueIdentifier>
    </Filter>
    <Filter Include="Classes\Interfaces\AlignStrategy">
      <UniqueIdentifier>{217dc517-465a-4daf-ad58-57802e089664}</UniqueIdentifier>
    </Filter>
    <Filter Include="Classes\Book\Picture">
      <UniqueIdentifier>{81f09ba8-f1a9-4c95-8963-ae1d5bd49ebe}</UniqueIdentifier>
    </Filter>
    <Filter Include="Classes\Book\Section">
      <UniqueIdentifier>{f48a4966-792c-4c8c-86b6-576a237e2018}</UniqueIdentifier>
    </Filter>
    <Filter Include="Classes\Book\Table">
      <UniqueIdentifier>{0a0e7872-bff3-4cac-853b-718b46d64b8d}</UniqueIdentifier>
    </Filter>
    <Filter Include="Classes\Book\TableOfContents">
      <UniqueIdentifier>{c204fd2c-b70f-43bf-8050-5ac008d5c615}</UniqueIdentifier>
    </Filter>
    <Filter Include="Classes\Alignments">
      <UniqueIdentifier>{37b4ce4a-f2f3-4c1d-9a52-a56a2c217116}</UniqueIdentifier>
    </Filter>
    <Filter Include="Classes\Alignments\AlignLeft">
      <UniqueIdentifier>{f4a7a8af-5137-4f8a-8009-20181bdb79a8}</UniqueIdentifier>
    </Filter>
    <Filter Include="Classes\Alignments\AlignRight">
      <UniqueIdentifier>{dc1df664-d3d3-49d0-bb81-b32be3737359}</UniqueIdentifier>
    </Filter>
  </ItemGroup>
  <ItemGroup>
    <ClCompile Include="main.cpp">
      <Filter>Source Files</Filter>
    </ClCompile>
    <ClCompile Include="Author.cpp">
      <Filter>Classes\Author</Filter>
    </ClCompile>
    <ClCompile Include="Book.cpp">
      <Filter>Classes\Book</Filter>
    </ClCompile>
    <ClCompile Include="Element.cpp">
      <Filter>Classes\Interfaces\Element</Filter>
    </ClCompile>
    <ClCompile Include="Image.cpp">
      <Filter>Classes\Book\Image</Filter>
    </ClCompile>
    <ClCompile Include="Paragraph.cpp">
      <Filter>Classes\Book\Paragraph</Filter>
    </ClCompile>
    <ClCompile Include="Table.cpp">
      <Filter>Classes\Book\Table</Filter>
    </ClCompile>
    <ClCompile Include="TableOfContents.cpp">
      <Filter>Classes\Book\TableOfContents</Filter>
    </ClCompile>
    <ClCompile Include="Section.cpp">
      <Filter>Classes\Book\Section</Filter>
    </ClCompile>
    <ClCompile Include="ImageProxy.cpp">
      <Filter>Classes\Book\ImageProxy</Filter>
    </ClCompile>
    <ClCompile Include="Picture.cpp">
      <Filter>Classes\Book\Picture</Filter>
    </ClCompile>
    <ClCompile Include="AlignStrategy.cpp">
      <Filter>Classes\Interfaces\AlignStrategy</Filter>
    </ClCompile>
    <ClCompile Include="AlignLeft.cpp">
      <Filter>Classes\Alignments\AlignLeft</Filter>
    </ClCompile>
    <ClCompile Include="AlignRight.cpp">
      <Filter>Classes\Alignments\AlignRight</Filter>
    </ClCompile>
  </ItemGroup>
  <ItemGroup>
    <ClInclude Include="Author.hpp">
      <Filter>Classes\Author</Filter>
    </ClInclude>
    <ClInclude Include="Book.hpp">
      <Filter>Classes\Book</Filter>
    </ClInclude>
    <ClInclude Include="Element.hpp">
      <Filter>Classes\Interfaces\Element</Filter>
    </ClInclude>
    <ClInclude Include="Image.hpp">
      <Filter>Classes\Book\Image</Filter>
    </ClInclude>
    <ClInclude Include="Paragraph.hpp">
      <Filter>Classes\Book\Paragraph</Filter>
    </ClInclude>
    <ClInclude Include="Table.hpp">
      <Filter>Classes\Book\Table</Filter>
    </ClInclude>
    <ClInclude Include="TableOfContents.hpp">
      <Filter>Classes\Book\TableOfContents</Filter>
    </ClInclude>
    <ClInclude Include="Section.hpp">
      <Filter>Classes\Book\Section</Filter>
    </ClInclude>
    <ClInclude Include="ImageProxy.hpp">
      <Filter>Classes\Book\ImageProxy</Filter>
    </ClInclude>
    <ClInclude Include="Picture.hpp">
      <Filter>Classes\Book\Picture</Filter>
    </ClInclude>
    <ClInclude Include="AlignStrategy.hpp">
      <Filter>Classes\Interfaces\AlignStrategy</Filter>
    </ClInclude>
    <ClInclude Include="AlignLeft.hpp">
      <Filter>Classes\Alignments\AlignLeft</Filter>
    </ClInclude>
    <ClInclude Include="AlignRight.hpp">
      <Filter>Classes\Alignments\AlignRight</Filter>
    </ClInclude>
  </ItemGroup>
</Project>