<?xml version="1.0" encoding="utf-8"?>
<Project ToolsVersion="4.0" xmlns="http://schemas.microsoft.com/developer/msbuild/2003">
  <ItemGroup>
    <Filter Include="Source Files">
      <UniqueIdentifier>{4FC737F1-C7A5-4376-A066-2A32D752A2FF}</UniqueIdentifier>
      <Extensions>cpp;c;cc;cxx;c++;cppm;ixx;def;odl;idl;hpj;bat;asm;asmx</Extensions>
    </Filter>
    <Filter Include="Models">
      <UniqueIdentifier>{f16080e5-2c7e-4e38-974d-369bc5fae3e2}</UniqueIdentifier>
    </Filter>
    <Filter Include="Services">
      <UniqueIdentifier>{68a7ae6b-59d4-429d-82e5-93b30dc583a9}</UniqueIdentifier>
    </Filter>
    <Filter Include="Models\Author">
      <UniqueIdentifier>{281e305c-1acf-4101-b12d-b825af9ccaec}</UniqueIdentifier>
    </Filter>
    <Filter Include="Models\Book">
      <UniqueIdentifier>{b9667c36-6095-4640-ac8d-8ad90d7e0bb4}</UniqueIdentifier>
    </Filter>
    <Filter Include="Models\Element">
      <UniqueIdentifier>{bb90bfee-e4e5-49aa-a177-629667b3245d}</UniqueIdentifier>
    </Filter>
    <Filter Include="Models\Image">
      <UniqueIdentifier>{f3d8bfc5-b291-4f6d-9dec-4f17c73ba280}</UniqueIdentifier>
    </Filter>
    <Filter Include="Models\ImageProxy">
      <UniqueIdentifier>{441e1c79-92f9-44d4-b898-7aab55ddee1b}</UniqueIdentifier>
    </Filter>
    <Filter Include="Models\Paragraph">
      <UniqueIdentifier>{7ea34767-c91a-4990-9313-336c763d46ad}</UniqueIdentifier>
    </Filter>
    <Filter Include="Models\Picture">
      <UniqueIdentifier>{90ee9803-87cd-4d0d-85d7-2e95f61990fe}</UniqueIdentifier>
    </Filter>
    <Filter Include="Models\Section">
      <UniqueIdentifier>{be5e848d-9815-44bd-b2ef-ad095d9a6424}</UniqueIdentifier>
    </Filter>
    <Filter Include="Models\Table">
      <UniqueIdentifier>{641c8106-38b2-4cc8-b051-24be180a8e22}</UniqueIdentifier>
    </Filter>
    <Filter Include="Models\TableOfContents">
      <UniqueIdentifier>{8cfa0b3c-a21f-4c19-9437-f20b1e561382}</UniqueIdentifier>
    </Filter>
    <Filter Include="Services\AlignLeft">
      <UniqueIdentifier>{ca1dfcf9-7ad4-4ff3-b052-a76ff56abf64}</UniqueIdentifier>
    </Filter>
    <Filter Include="Services\AlignRight">
      <UniqueIdentifier>{98b252ca-db2d-4aef-a222-7278204e862b}</UniqueIdentifier>
    </Filter>
    <Filter Include="Services\AlignStrategy">
      <UniqueIdentifier>{e1b6dfea-a183-42c2-967a-ae3c1a5b8933}</UniqueIdentifier>
    </Filter>
    <Filter Include="Services\ImageLoader">
      <UniqueIdentifier>{4a41ad90-2db4-4948-927a-ab72e2c99abb}</UniqueIdentifier>
    </Filter>
    <Filter Include="Services\ImageLoader\ImageLoaderFactory">
      <UniqueIdentifier>{a6aaaa53-6591-4f49-ac77-29c2cb4000e1}</UniqueIdentifier>
    </Filter>
    <Filter Include="Services\ImageLoader\BMP_ImageLoader">
      <UniqueIdentifier>{15d45c2a-ab79-4dbb-b7b1-37d769c5e4eb}</UniqueIdentifier>
    </Filter>
    <Filter Include="Services\ImageLoader\JPG_ImageLoader">
      <UniqueIdentifier>{cd85c2f3-230e-4b62-9920-d40eb3f40948}</UniqueIdentifier>
    </Filter>
    <Filter Include="Models\Visitor">
      <UniqueIdentifier>{ccd4b7b5-299c-410d-88e2-a1bdffee12aa}</UniqueIdentifier>
    </Filter>
  </ItemGroup>
  <ItemGroup>
    <ClCompile Include="main.cpp">
      <Filter>Source Files</Filter>
    </ClCompile>
    <ClCompile Include="Author.cpp">
      <Filter>Models\Author</Filter>
    </ClCompile>
    <ClCompile Include="Book.cpp">
      <Filter>Models\Book</Filter>
    </ClCompile>
    <ClCompile Include="Element.cpp">
      <Filter>Models\Element</Filter>
    </ClCompile>
    <ClCompile Include="Image.cpp">
      <Filter>Models\Image</Filter>
    </ClCompile>
    <ClCompile Include="ImageProxy.cpp">
      <Filter>Models\ImageProxy</Filter>
    </ClCompile>
    <ClCompile Include="Paragraph.cpp">
      <Filter>Models\Paragraph</Filter>
    </ClCompile>
    <ClCompile Include="Picture.cpp">
      <Filter>Models\Picture</Filter>
    </ClCompile>
    <ClCompile Include="Section.cpp">
      <Filter>Models\Section</Filter>
    </ClCompile>
    <ClCompile Include="Table.cpp">
      <Filter>Models\Table</Filter>
    </ClCompile>
    <ClCompile Include="TableOfContents.cpp">
      <Filter>Models\TableOfContents</Filter>
    </ClCompile>
    <ClCompile Include="AlignLeft.cpp">
      <Filter>Services\AlignLeft</Filter>
    </ClCompile>
    <ClCompile Include="AlignRight.cpp">
      <Filter>Services\AlignRight</Filter>
    </ClCompile>
    <ClCompile Include="AlignStrategy.cpp">
      <Filter>Services\AlignStrategy</Filter>
    </ClCompile>
    <ClCompile Include="ImageLoader.cpp">
      <Filter>Services\ImageLoader</Filter>
    </ClCompile>
    <ClCompile Include="ImageLoaderFactory.cpp">
      <Filter>Services\ImageLoader\ImageLoaderFactory</Filter>
    </ClCompile>
    <ClCompile Include="BMP_ImageLoader.cpp">
      <Filter>Services\ImageLoader\BMP_ImageLoader</Filter>
    </ClCompile>
    <ClCompile Include="JPG_ImageLoader.cpp">
      <Filter>Services\ImageLoader\JPG_ImageLoader</Filter>
    </ClCompile>
    <ClCompile Include="Visitor.cpp">
      <Filter>Models\Visitor</Filter>
    </ClCompile>
  </ItemGroup>
  <ItemGroup>
    <ClInclude Include="Author.hpp">
      <Filter>Models\Author</Filter>
    </ClInclude>
    <ClInclude Include="Book.hpp">
      <Filter>Models\Book</Filter>
    </ClInclude>
    <ClInclude Include="Element.hpp">
      <Filter>Models\Element</Filter>
    </ClInclude>
    <ClInclude Include="Image.hpp">
      <Filter>Models\Image</Filter>
    </ClInclude>
    <ClInclude Include="ImageProxy.hpp">
      <Filter>Models\ImageProxy</Filter>
    </ClInclude>
    <ClInclude Include="Paragraph.hpp">
      <Filter>Models\Paragraph</Filter>
    </ClInclude>
    <ClInclude Include="Picture.hpp">
      <Filter>Models\Picture</Filter>
    </ClInclude>
    <ClInclude Include="Section.hpp">
      <Filter>Models\Section</Filter>
    </ClInclude>
    <ClInclude Include="Table.hpp">
      <Filter>Models\Table</Filter>
    </ClInclude>
    <ClInclude Include="TableOfContents.hpp">
      <Filter>Models\TableOfContents</Filter>
    </ClInclude>
    <ClInclude Include="AlignLeft.hpp">
      <Filter>Services\AlignLeft</Filter>
    </ClInclude>
    <ClInclude Include="AlignRight.hpp">
      <Filter>Services\AlignRight</Filter>
    </ClInclude>
    <ClInclude Include="AlignStrategy.hpp">
      <Filter>Services\AlignStrategy</Filter>
    </ClInclude>
    <ClInclude Include="ImageLoader.hpp">
      <Filter>Services\ImageLoader</Filter>
    </ClInclude>
    <ClInclude Include="ImageLoaderFactory.hpp">
      <Filter>Services\ImageLoader\ImageLoaderFactory</Filter>
    </ClInclude>
    <ClInclude Include="BMP_ImageLoader.hpp">
      <Filter>Services\ImageLoader\BMP_ImageLoader</Filter>
    </ClInclude>
    <ClInclude Include="JPG_ImageLoader.hpp">
      <Filter>Services\ImageLoader\JPG_ImageLoader</Filter>
    </ClInclude>
    <ClInclude Include="Visitor.hpp">
      <Filter>Models\Visitor</Filter>
    </ClInclude>
  </ItemGroup>
</Project>